
Microsoft Visual Studio Solution File, Format Version 12.00
# Visual Studio Version 17
VisualStudioVersion = 17.8.34309.116
MinimumVisualStudioVersion = 10.0.40219.1
Project("{FAE04EC0-301F-11D3-BF4B-00C04F79EFBC}") = "IoT", "IoT\IoT.csproj", "{95729BB1-8A8B-47B7-81EA-DC10E816A74D}"
EndProject
Global
	GlobalSection(SolutionConfigurationPlatforms) = preSolution
		Debug|Any CPU = Debug|Any CPU
		Release|Any CPU = Release|Any CPU
	EndGlobalSection
	GlobalSection(ProjectConfigurationPlatforms) = postSolution
		{95729BB1-8A8B-47B7-81EA-DC10E816A74D}.Debug|Any CPU.ActiveCfg = Debug|Any CPU
		{95729BB1-8A8B-47B7-81EA-DC10E816A74D}.Debug|Any CPU.Build.0 = Debug|Any CPU
		{95729BB1-8A8B-47B7-81EA-DC10E816A74D}.Release|Any CPU.ActiveCfg = Release|Any CPU
		{95729BB1-8A8B-47B7-81EA-DC10E816A74D}.Release|Any CPU.Build.0 = Release|Any CPU
	EndGlobalSection
	GlobalSection(SolutionProperties) = preSolution
		HideSolutionNode = FALSE
	EndGlobalSection
	GlobalSection(ExtensibilityGlobals) = postSolution
		SolutionGuid = {0CB055F4-0D87-4BBA-AB8E-8D017252DC16}
	EndGlobalSection
EndGlobal
